
Microsoft Visual Studio Solution File, Format Version 12.00
# Visual Studio Version 16
VisualStudioVersion = 16.0.30611.23
MinimumVisualStudioVersion = 10.0.40219.1
Project("{888888A0-9F3D-457C-B088-3A5042F75D52}") = "lab1", "lab1\lab1.pyproj", "{5B0337E2-F749-4AA1-91AC-88ACBF4C0EE1}"
EndProject
Global
	GlobalSection(SolutionConfigurationPlatforms) = preSolution
		Debug|Any CPU = Debug|Any CPU
		Release|Any CPU = Release|Any CPU
	EndGlobalSection
	GlobalSection(ProjectConfigurationPlatforms) = postSolution
		{5B0337E2-F749-4AA1-91AC-88ACBF4C0EE1}.Debug|Any CPU.ActiveCfg = Debug|Any CPU
		{5B0337E2-F749-4AA1-91AC-88ACBF4C0EE1}.Release|Any CPU.ActiveCfg = Release|Any CPU
	EndGlobalSection
	GlobalSection(SolutionProperties) = preSolution
		HideSolutionNode = FALSE
	EndGlobalSection
	GlobalSection(ExtensibilityGlobals) = postSolution
		SolutionGuid = {D1B299C6-1FB1-469E-B72D-51F68E39BEBE}
	EndGlobalSection
EndGlobal
